// !$*UTF8*$!
{
	archiveVersion = 1;
	classes = {
	};
	objectVersion = 48;
	objects = {

/* Begin PBXBuildFile section */
		F21293F41F99F54200592EDE /* AppDelegate.m in Sources */ = {isa = PBXBuildFile; fileRef = F21293F31F99F54200592EDE /* AppDelegate.m */; };
		F21293F71F99F54200592EDE /* ViewController.mm in Sources */ = {isa = PBXBuildFile; fileRef = F21293F61F99F54200592EDE /* ViewController.mm */; };
		F21293FA1F99F54200592EDE /* Main.storyboard in Resources */ = {isa = PBXBuildFile; fileRef = F21293F81F99F54200592EDE /* Main.storyboard */; };
		F21293FC1F99F54200592EDE /* Assets.xcassets in Resources */ = {isa = PBXBuildFile; fileRef = F21293FB1F99F54200592EDE /* Assets.xcassets */; };
		F21293FF1F99F54200592EDE /* LaunchScreen.storyboard in Resources */ = {isa = PBXBuildFile; fileRef = F21293FD1F99F54200592EDE /* LaunchScreen.storyboard */; };
		F21294021F99F54200592EDE /* main.m in Sources */ = {isa = PBXBuildFile; fileRef = F21294011F99F54200592EDE /* main.m */; };
		F21294091F99F55B00592EDE /* GPUImage.framework in Frameworks */ = {isa = PBXBuildFile; fileRef = F21294081F99F55A00592EDE /* GPUImage.framework */; };
/* End PBXBuildFile section */

/* Begin PBXFileReference section */
		F21293EF1F99F54200592EDE /* GPUImage_Playground_1.app */ = {isa = PBXFileReference; explicitFileType = wrapper.application; includeInIndex = 0; path = GPUImage_Playground_1.app; sourceTree = BUILT_PRODUCTS_DIR; };
		F21293F21F99F54200592EDE /* AppDelegate.h */ = {isa = PBXFileReference; lastKnownFileType = sourcecode.c.h; path = AppDelegate.h; sourceTree = "<group>"; };
		F21293F31F99F54200592EDE /* AppDelegate.m */ = {isa = PBXFileReference; lastKnownFileType = sourcecode.c.objc; path = AppDelegate.m; sourceTree = "<group>"; };
		F21293F51F99F54200592EDE /* ViewController.h */ = {isa = PBXFileReference; lastKnownFileType = sourcecode.c.h; path = ViewController.h; sourceTree = "<group>"; };
		F21293F61F99F54200592EDE /* ViewController.mm */ = {isa = PBXFileReference; lastKnownFileType = sourcecode.cpp.objcpp; path = ViewController.mm; sourceTree = "<group>"; };
		F21293F91F99F54200592EDE /* Base */ = {isa = PBXFileReference; lastKnownFileType = file.storyboard; name = Base; path = Base.lproj/Main.storyboard; sourceTree = "<group>"; };
		F21293FB1F99F54200592EDE /* Assets.xcassets */ = {isa = PBXFileReference; lastKnownFileType = folder.assetcatalog; path = Assets.xcassets; sourceTree = "<group>"; };
		F21293FE1F99F54200592EDE /* Base */ = {isa = PBXFileReference; lastKnownFileType = file.storyboard; name = Base; path = Base.lproj/LaunchScreen.storyboard; sourceTree = "<group>"; };
		F21294001F99F54200592EDE /* Info.plist */ = {isa = PBXFileReference; lastKnownFileType = text.plist.xml; path = Info.plist; sourceTree = "<group>"; };
		F21294011F99F54200592EDE /* main.m */ = {isa = PBXFileReference; lastKnownFileType = sourcecode.c.objc; path = main.m; sourceTree = "<group>"; };
		F21294081F99F55A00592EDE /* GPUImage.framework */ = {isa = PBXFileReference; lastKnownFileType = wrapper.framework; path = GPUImage.framework; sourceTree = "<group>"; };
		F212940B1F99F56B00592EDE /* CoreVideo.framework */ = {isa = PBXFileReference; lastKnownFileType = wrapper.framework; name = CoreVideo.framework; path = System/Library/Frameworks/CoreVideo.framework; sourceTree = SDKROOT; };
		F212940C1F99F57200592EDE /* CoreMedia.framework */ = {isa = PBXFileReference; lastKnownFileType = wrapper.framework; name = CoreMedia.framework; path = System/Library/Frameworks/CoreMedia.framework; sourceTree = SDKROOT; };
		F212940D1F99F57800592EDE /* QuartzCore.framework */ = {isa = PBXFileReference; lastKnownFileType = wrapper.framework; name = QuartzCore.framework; path = System/Library/Frameworks/QuartzCore.framework; sourceTree = SDKROOT; };
		F212940E1F99F57E00592EDE /* OpenGLES.framework */ = {isa = PBXFileReference; lastKnownFileType = wrapper.framework; name = OpenGLES.framework; path = System/Library/Frameworks/OpenGLES.framework; sourceTree = SDKROOT; };
		F212940F1F99F58600592EDE /* AVFoundation.framework */ = {isa = PBXFileReference; lastKnownFileType = wrapper.framework; name = AVFoundation.framework; path = System/Library/Frameworks/AVFoundation.framework; sourceTree = SDKROOT; };
/* End PBXFileReference section */

/* Begin PBXFrameworksBuildPhase section */
		F21293EC1F99F54200592EDE /* Frameworks */ = {
			isa = PBXFrameworksBuildPhase;
			buildActionMask = 2147483647;
			files = (
				F21294091F99F55B00592EDE /* GPUImage.framework in Frameworks */,
			);
			runOnlyForDeploymentPostprocessing = 0;
		};
/* End PBXFrameworksBuildPhase section */

/* Begin PBXGroup section */
		F21293E61F99F54200592EDE = {
			isa = PBXGroup;
			children = (
				F21294081F99F55A00592EDE /* GPUImage.framework */,
				F21293F11F99F54200592EDE /* GPUImage_Playground_1 */,
				F21293F01F99F54200592EDE /* Products */,
				F212940A1F99F56B00592EDE /* Frameworks */,
			);
			sourceTree = "<group>";
		};
		F21293F01F99F54200592EDE /* Products */ = {
			isa = PBXGroup;
			children = (
				F21293EF1F99F54200592EDE /* GPUImage_Playground_1.app */,
			);
			name = Products;
			sourceTree = "<group>";
		};
		F21293F11F99F54200592EDE /* GPUImage_Playground_1 */ = {
			isa = PBXGroup;
			children = (
				F21293F21F99F54200592EDE /* AppDelegate.h */,
				F21293F31F99F54200592EDE /* AppDelegate.m */,
				F21293F51F99F54200592EDE /* ViewController.h */,
				F21293F61F99F54200592EDE /* ViewController.mm */,
				F21293F81F99F54200592EDE /* Main.storyboard */,
				F21293FB1F99F54200592EDE /* Assets.xcassets */,
				F21293FD1F99F54200592EDE /* LaunchScreen.storyboard */,
				F21294001F99F54200592EDE /* Info.plist */,
				F21294011F99F54200592EDE /* main.m */,
			);
			path = GPUImage_Playground_1;
			sourceTree = "<group>";
		};
		F212940A1F99F56B00592EDE /* Frameworks */ = {
			isa = PBXGroup;
			children = (
				F212940F1F99F58600592EDE /* AVFoundation.framework */,
				F212940E1F99F57E00592EDE /* OpenGLES.framework */,
				F212940D1F99F57800592EDE /* QuartzCore.framework */,
				F212940C1F99F57200592EDE /* CoreMedia.framework */,
				F212940B1F99F56B00592EDE /* CoreVideo.framework */,
			);
			name = Frameworks;
			sourceTree = "<group>";
		};
/* End PBXGroup section */

/* Begin PBXNativeTarget section */
		F21293EE1F99F54200592EDE /* GPUImage_Playground_1 */ = {
			isa = PBXNativeTarget;
			buildConfigurationList = F21294051F99F54200592EDE /* Build configuration list for PBXNativeTarget "GPUImage_Playground_1" */;
			buildPhases = (
				F21293EB1F99F54200592EDE /* Sources */,
				F21293EC1F99F54200592EDE /* Frameworks */,
				F21293ED1F99F54200592EDE /* Resources */,
			);
			buildRules = (
			);
			dependencies = (
			);
			name = GPUImage_Playground_1;
			productName = GPUImage_Playground_1;
			productReference = F21293EF1F99F54200592EDE /* GPUImage_Playground_1.app */;
			productType = "com.apple.product-type.application";
		};
/* End PBXNativeTarget section */

/* Begin PBXProject section */
		F21293E71F99F54200592EDE /* Project object */ = {
			isa = PBXProject;
			attributes = {
				LastUpgradeCheck = 0900;
				ORGANIZATIONNAME = "Linh Ngoc";
				TargetAttributes = {
					F21293EE1F99F54200592EDE = {
						CreatedOnToolsVersion = 9.0.1;
						ProvisioningStyle = Automatic;
					};
				};
			};
			buildConfigurationList = F21293EA1F99F54200592EDE /* Build configuration list for PBXProject "GPUImage_Playground_1" */;
			compatibilityVersion = "Xcode 8.0";
			developmentRegion = en;
			hasScannedForEncodings = 0;
			knownRegions = (
				en,
				Base,
			);
			mainGroup = F21293E61F99F54200592EDE;
			productRefGroup = F21293F01F99F54200592EDE /* Products */;
			projectDirPath = "";
			projectRoot = "";
			targets = (
				F21293EE1F99F54200592EDE /* GPUImage_Playground_1 */,
			);
		};
/* End PBXProject section */

/* Begin PBXResourcesBuildPhase section */
		F21293ED1F99F54200592EDE /* Resources */ = {
			isa = PBXResourcesBuildPhase;
			buildActionMask = 2147483647;
			files = (
				F21293FF1F99F54200592EDE /* LaunchScreen.storyboard in Resources */,
				F21293FC1F99F54200592EDE /* Assets.xcassets in Resources */,
				F21293FA1F99F54200592EDE /* Main.storyboard in Resources */,
			);
			runOnlyForDeploymentPostprocessing = 0;
		};
/* End PBXResourcesBuildPhase section */

/* Begin PBXSourcesBuildPhase section */
		F21293EB1F99F54200592EDE /* Sources */ = {
			isa = PBXSourcesBuildPhase;
			buildActionMask = 2147483647;
			files = (
				F21293F71F99F54200592EDE /* ViewController.mm in Sources */,
				F21294021F99F54200592EDE /* main.m in Sources */,
				F21293F41F99F54200592EDE /* AppDelegate.m in Sources */,
			);
			runOnlyForDeploymentPostprocessing = 0;
		};
/* End PBXSourcesBuildPhase section */

/* Begin PBXVariantGroup section */
		F21293F81F99F54200592EDE /* Main.storyboard */ = {
			isa = PBXVariantGroup;
			children = (
				F21293F91F99F54200592EDE /* Base */,
			);
			name = Main.storyboard;
			sourceTree = "<group>";
		};
		F21293FD1F99F54200592EDE /* LaunchScreen.storyboard */ = {
			isa = PBXVariantGroup;
			children = (
				F21293FE1F99F54200592EDE /* Base */,
			);
			name = LaunchScreen.storyboard;
			sourceTree = "<group>";
		};
/* End PBXVariantGroup section */

/* Begin XCBuildConfiguration section */
		F21294031F99F54200592EDE /* Debug */ = {
			isa = XCBuildConfiguration;
			buildSettings = {
				ALWAYS_SEARCH_USER_PATHS = NO;
				CLANG_ANALYZER_NONNULL = YES;
				CLANG_ANALYZER_NUMBER_OBJECT_CONVERSION = YES_AGGRESSIVE;
				CLANG_CXX_LANGUAGE_STANDARD = "gnu++14";
				CLANG_CXX_LIBRARY = "libc++";
				CLANG_ENABLE_MODULES = YES;
				CLANG_ENABLE_OBJC_ARC = YES;
				CLANG_WARN_BLOCK_CAPTURE_AUTORELEASING = YES;
				CLANG_WARN_BOOL_CONVERSION = YES;
				CLANG_WARN_COMMA = YES;
				CLANG_WARN_CONSTANT_CONVERSION = YES;
				CLANG_WARN_DIRECT_OBJC_ISA_USAGE = YES_ERROR;
				CLANG_WARN_DOCUMENTATION_COMMENTS = YES;
				CLANG_WARN_EMPTY_BODY = YES;
				CLANG_WARN_ENUM_CONVERSION = YES;
				CLANG_WARN_INFINITE_RECURSION = YES;
				CLANG_WARN_INT_CONVERSION = YES;
				CLANG_WARN_NON_LITERAL_NULL_CONVERSION = YES;
				CLANG_WARN_OBJC_LITERAL_CONVERSION = YES;
				CLANG_WARN_OBJC_ROOT_CLASS = YES_ERROR;
				CLANG_WARN_RANGE_LOOP_ANALYSIS = YES;
				CLANG_WARN_STRICT_PROTOTYPES = YES;
				CLANG_WARN_SUSPICIOUS_MOVE = YES;
				CLANG_WARN_UNGUARDED_AVAILABILITY = YES_AGGRESSIVE;
				CLANG_WARN_UNREACHABLE_CODE = YES;
				CLANG_WARN__DUPLICATE_METHOD_MATCH = YES;
				CODE_SIGN_IDENTITY = "iPhone Developer";
				COPY_PHASE_STRIP = NO;
				DEBUG_INFORMATION_FORMAT = dwarf;
				ENABLE_STRICT_OBJC_MSGSEND = YES;
				ENABLE_TESTABILITY = YES;
				GCC_C_LANGUAGE_STANDARD = gnu11;
				GCC_DYNAMIC_NO_PIC = NO;
				GCC_NO_COMMON_BLOCKS = YES;
				GCC_OPTIMIZATION_LEVEL = 0;
				GCC_PREPROCESSOR_DEFINITIONS = (
					"DEBUG=1",
					"$(inherited)",
				);
				GCC_WARN_64_TO_32_BIT_CONVERSION = YES;
				GCC_WARN_ABOUT_RETURN_TYPE = YES_ERROR;
				GCC_WARN_UNDECLARED_SELECTOR = YES;
				GCC_WARN_UNINITIALIZED_AUTOS = YES_AGGRESSIVE;
				GCC_WARN_UNUSED_FUNCTION = YES;
				GCC_WARN_UNUSED_VARIABLE = YES;
				IPHONEOS_DEPLOYMENT_TARGET = 11.0;
				MTL_ENABLE_DEBUG_INFO = YES;
				ONLY_ACTIVE_ARCH = YES;
				SDKROOT = iphoneos;
			};
			name = Debug;
		};
		F21294041F99F54200592EDE /* Release */ = {
			isa = XCBuildConfiguration;
			buildSettings = {
				ALWAYS_SEARCH_USER_PATHS = NO;
				CLANG_ANALYZER_NONNULL = YES;
				CLANG_ANALYZER_NUMBER_OBJECT_CONVERSION = YES_AGGRESSIVE;
				CLANG_CXX_LANGUAGE_STANDARD = "gnu++14";
				CLANG_CXX_LIBRARY = "libc++";
				CLANG_ENABLE_MODULES = YES;
				CLANG_ENABLE_OBJC_ARC = YES;
				CLANG_WARN_BLOCK_CAPTURE_AUTORELEASING = YES;
				CLANG_WARN_BOOL_CONVERSION = YES;
				CLANG_WARN_COMMA = YES;
				CLANG_WARN_CONSTANT_CONVERSION = YES;
				CLANG_WARN_DIRECT_OBJC_ISA_USAGE = YES_ERROR;
				CLANG_WARN_DOCUMENTATION_COMMENTS = YES;
				CLANG_WARN_EMPTY_BODY = YES;
				CLANG_WARN_ENUM_CONVERSION = YES;
				CLANG_WARN_INFINITE_RECURSION = YES;
				CLANG_WARN_INT_CONVERSION = YES;
				CLANG_WARN_NON_LITERAL_NULL_CONVERSION = YES;
				CLANG_WARN_OBJC_LITERAL_CONVERSION = YES;
				CLANG_WARN_OBJC_ROOT_CLASS = YES_ERROR;
				CLANG_WARN_RANGE_LOOP_ANALYSIS = YES;
				CLANG_WARN_STRICT_PROTOTYPES = YES;
				CLANG_WARN_SUSPICIOUS_MOVE = YES;
				CLANG_WARN_UNGUARDED_AVAILABILITY = YES_AGGRESSIVE;
				CLANG_WARN_UNREACHABLE_CODE = YES;
				CLANG_WARN__DUPLICATE_METHOD_MATCH = YES;
				CODE_SIGN_IDENTITY = "iPhone Developer";
				COPY_PHASE_STRIP = NO;
				DEBUG_INFORMATION_FORMAT = "dwarf-with-dsym";
				ENABLE_NS_ASSERTIONS = NO;
				ENABLE_STRICT_OBJC_MSGSEND = YES;
				GCC_C_LANGUAGE_STANDARD = gnu11;
				GCC_NO_COMMON_BLOCKS = YES;
				GCC_WARN_64_TO_32_BIT_CONVERSION = YES;
				GCC_WARN_ABOUT_RETURN_TYPE = YES_ERROR;
				GCC_WARN_UNDECLARED_SELECTOR = YES;
				GCC_WARN_UNINITIALIZED_AUTOS = YES_AGGRESSIVE;
				GCC_WARN_UNUSED_FUNCTION = YES;
				GCC_WARN_UNUSED_VARIABLE = YES;
				IPHONEOS_DEPLOYMENT_TARGET = 11.0;
				MTL_ENABLE_DEBUG_INFO = NO;
				SDKROOT = iphoneos;
				VALIDATE_PRODUCT = YES;
			};
			name = Release;
		};
		F21294061F99F54200592EDE /* Debug */ = {
			isa = XCBuildConfiguration;
			buildSettings = {
				ASSETCATALOG_COMPILER_APPICON_NAME = AppIcon;
				CODE_SIGN_STYLE = Automatic;
				DEVELOPMENT_TEAM = C8T6358ZDS;
				FRAMEWORK_SEARCH_PATHS = (
					"$(inherited)",
					"$(PROJECT_DIR)",
				);
				INFOPLIST_FILE = GPUImage_Playground_1/Info.plist;
				LD_RUNPATH_SEARCH_PATHS = "$(inherited) @executable_path/Frameworks";
				PRODUCT_BUNDLE_IDENTIFIER = "com.example.linhng.GPUImage-Playground-1";
				PRODUCT_NAME = "$(TARGET_NAME)";
				TARGETED_DEVICE_FAMILY = "1,2";
			};
			name = Debug;
		};
		F21294071F99F54200592EDE /* Release */ = {
			isa = XCBuildConfiguration;
			buildSettings = {
				ASSETCATALOG_COMPILER_APPICON_NAME = AppIcon;
				CODE_SIGN_STYLE = Automatic;
				DEVELOPMENT_TEAM = C8T6358ZDS;
				FRAMEWORK_SEARCH_PATHS = (
					"$(inherited)",
					"$(PROJECT_DIR)",
				);
				INFOPLIST_FILE = GPUImage_Playground_1/Info.plist;
				LD_RUNPATH_SEARCH_PATHS = "$(inherited) @executable_path/Frameworks";
				PRODUCT_BUNDLE_IDENTIFIER = "com.example.linhng.GPUImage-Playground-1";
				PRODUCT_NAME = "$(TARGET_NAME)";
				TARGETED_DEVICE_FAMILY = "1,2";
			};
			name = Release;
		};
/* End XCBuildConfiguration section */

/* Begin XCConfigurationList section */
		F21293EA1F99F54200592EDE /* Build configuration list for PBXProject "GPUImage_Playground_1" */ = {
			isa = XCConfigurationList;
			buildConfigurations = (
				F21294031F99F54200592EDE /* Debug */,
				F21294041F99F54200592EDE /* Release */,
			);
			defaultConfigurationIsVisible = 0;
			defaultConfigurationName = Release;
		};
		F21294051F99F54200592EDE /* Build configuration list for PBXNativeTarget "GPUImage_Playground_1" */ = {
			isa = XCConfigurationList;
			buildConfigurations = (
				F21294061F99F54200592EDE /* Debug */,
				F21294071F99F54200592EDE /* Release */,
			);
			defaultConfigurationIsVisible = 0;
			defaultConfigurationName = Release;
		};
/* End XCConfigurationList section */
	};
	rootObject = F21293E71F99F54200592EDE /* Project object */;
}
